Microsoft Visual Studio Solution File, Format Version 12.00
# Visual Studio Version 17
VisualStudioVersion = 17.0.32526.205
MinimumVisualStudioVersion = 10.0.40219.1
Project("{9A19103F-16F7-4668-BE54-9A1E7A4F7556}") = "CarShellInstaller", "CarShellInstaller\CarShellInstaller.csproj", "{7E9E15C3-56DA-42F8-B8E0-3C1078E3B91A}"
EndProject
Global
	GlobalSection(SolutionConfigurationPlatforms) = preSolution
		Debug|Any CPU = Debug|Any CPU
		Release|Any CPU = Release|Any CPU
	EndGlobalSection
	GlobalSection(ProjectConfigurationPlatforms) = postSolution
		{7E9E15C3-56DA-42F8-B8E0-3C1078E3B91A}.Debug|Any CPU.ActiveCfg = Debug|Any CPU
		{7E9E15C3-56DA-42F8-B8E0-3C1078E3B91A}.Debug|Any CPU.Build.0 = Debug|Any CPU
		{7E9E15C3-56DA-42F8-B8E0-3C1078E3B91A}.Release|Any CPU.ActiveCfg = Release|Any CPU
		{7E9E15C3-56DA-42F8-B8E0-3C1078E3B91A}.Release|Any CPU.Build.0 = Release|Any CPU
	EndGlobalSection
	GlobalSection(SolutionProperties) = preSolution
		HideSolutionNode = FALSE
	EndGlobalSection
	GlobalSection(ExtensibilityGlobals) = postSolution
		SolutionGuid = {5D3E1F8A-2C4B-41A5-9E78-3A4B5C6D7E8F}
	EndGlobalSection
EndGlobal